// !$*UTF8*$!
{
	archiveVersion = 1;
	classes = {
	};
	objectVersion = 50;
	objects = {

/* Begin PBXBuildFile section */
		3719E74B252C56BF00F4472E /* AppDelegate.swift in Sources */ = {isa = PBXBuildFile; fileRef = 3719E74A252C56BF00F4472E /* AppDelegate.swift */; };
		3719E74D252C56BF00F4472E /* SceneDelegate.swift in Sources */ = {isa = PBXBuildFile; fileRef = 3719E74C252C56BF00F4472E /* SceneDelegate.swift */; };
		3719E74F252C56BF00F4472E /* ViewController.swift in Sources */ = {isa = PBXBuildFile; fileRef = 3719E74E252C56BF00F4472E /* ViewController.swift */; };
		3719E752252C56BF00F4472E /* Main.storyboard in Resources */ = {isa = PBXBuildFile; fileRef = 3719E750252C56BF00F4472E /* Main.storyboard */; };
		3719E754252C56C100F4472E /* Assets.xcassets in Resources */ = {isa = PBXBuildFile; fileRef = 3719E753252C56C100F4472E /* Assets.xcassets */; };
		3719E757252C56C100F4472E /* LaunchScreen.storyboard in Resources */ = {isa = PBXBuildFile; fileRef = 3719E755252C56C100F4472E /* LaunchScreen.storyboard */; };
/* End PBXBuildFile section */

/* Begin PBXFileReference section */
		3719E747252C56BF00F4472E /* curiousKatie.app */ = {isa = PBXFileReference; explicitFileType = wrapper.application; includeInIndex = 0; path = curiousKatie.app; sourceTree = BUILT_PRODUCTS_DIR; };
		3719E74A252C56BF00F4472E /* AppDelegate.swift */ = {isa = PBXFileReference; lastKnownFileType = sourcecode.swift; path = AppDelegate.swift; sourceTree = "<group>"; };
		3719E74C252C56BF00F4472E /* SceneDelegate.swift */ = {isa = PBXFileReference; lastKnownFileType = sourcecode.swift; path = SceneDelegate.swift; sourceTree = "<group>"; };
		3719E74E252C56BF00F4472E /* ViewController.swift */ = {isa = PBXFileReference; lastKnownFileType = sourcecode.swift; path = ViewController.swift; sourceTree = "<group>"; };
		3719E751252C56BF00F4472E /* Base */ = {isa = PBXFileReference; lastKnownFileType = file.storyboard; name = Base; path = Base.lproj/Main.storyboard; sourceTree = "<group>"; };
		3719E753252C56C100F4472E /* Assets.xcassets */ = {isa = PBXFileReference; lastKnownFileType = folder.assetcatalog; path = Assets.xcassets; sourceTree = "<group>"; };
		3719E756252C56C100F4472E /* Base */ = {isa = PBXFileReference; lastKnownFileType = file.storyboard; name = Base; path = Base.lproj/LaunchScreen.storyboard; sourceTree = "<group>"; };
		3719E758252C56C100F4472E /* Info.plist */ = {isa = PBXFileReference; lastKnownFileType = text.plist.xml; path = Info.plist; sourceTree = "<group>"; };
/* End PBXFileReference section */

/* Begin PBXFrameworksBuildPhase section */
		3719E744252C56BF00F4472E /* Frameworks */ = {
			isa = PBXFrameworksBuildPhase;
			buildActionMask = 2147483647;
			files = (
			);
			runOnlyForDeploymentPostprocessing = 0;
		};
/* End PBXFrameworksBuildPhase section */

/* Begin PBXGroup section */
		3719E73E252C56BF00F4472E = {
			isa = PBXGroup;
			children = (
				3719E749252C56BF00F4472E /* curiousKatie */,
				3719E748252C56BF00F4472E /* Products */,
			);
			sourceTree = "<group>";
		};
		3719E748252C56BF00F4472E /* Products */ = {
			isa = PBXGroup;
			children = (
				3719E747252C56BF00F4472E /* curiousKatie.app */,
			);
			name = Products;
			sourceTree = "<group>";
		};
		3719E749252C56BF00F4472E /* curiousKatie */ = {
			isa = PBXGroup;
			children = (
				3719E74A252C56BF00F4472E /* AppDelegate.swift */,
				3719E74C252C56BF00F4472E /* SceneDelegate.swift */,
				3719E74E252C56BF00F4472E /* ViewController.swift */,
				3719E750252C56BF00F4472E /* Main.storyboard */,
				3719E753252C56C100F4472E /* Assets.xcassets */,
				3719E755252C56C100F4472E /* LaunchScreen.storyboard */,
				3719E758252C56C100F4472E /* Info.plist */,
			);
			path = curiousKatie;
			sourceTree = "<group>";
		};
/* End PBXGroup section */

/* Begin PBXNativeTarget section */
		3719E746252C56BF00F4472E /* curiousKatie */ = {
			isa = PBXNativeTarget;
			buildConfigurationList = 3719E75B252C56C100F4472E /* Build configuration list for PBXNativeTarget "curiousKatie" */;
			buildPhases = (
				3719E743252C56BF00F4472E /* Sources */,
				3719E744252C56BF00F4472E /* Frameworks */,
				3719E745252C56BF00F4472E /* Resources */,
			);
			buildRules = (
			);
			dependencies = (
			);
			name = curiousKatie;
			productName = curiousKatie;
			productReference = 3719E747252C56BF00F4472E /* curiousKatie.app */;
			productType = "com.apple.product-type.application";
		};
/* End PBXNativeTarget section */

/* Begin PBXProject section */
		3719E73F252C56BF00F4472E /* Project object */ = {
			isa = PBXProject;
			attributes = {
				LastSwiftUpdateCheck = 1120;
				LastUpgradeCheck = 1120;
				ORGANIZATIONNAME = "Cynthia Nikolai";
				TargetAttributes = {
					3719E746252C56BF00F4472E = {
						CreatedOnToolsVersion = 11.2.1;
					};
				};
			};
			buildConfigurationList = 3719E742252C56BF00F4472E /* Build configuration list for PBXProject "curiousKatie" */;
			compatibilityVersion = "Xcode 9.3";
			developmentRegion = en;
			hasScannedForEncodings = 0;
			knownRegions = (
				en,
				Base,
			);
			mainGroup = 3719E73E252C56BF00F4472E;
			productRefGroup = 3719E748252C56BF00F4472E /* Products */;
			projectDirPath = "";
			projectRoot = "";
			targets = (
				3719E746252C56BF00F4472E /* curiousKatie */,
			);
		};
/* End PBXProject section */

/* Begin PBXResourcesBuildPhase section */
		3719E745252C56BF00F4472E /* Resources */ = {
			isa = PBXResourcesBuildPhase;
			buildActionMask = 2147483647;
			files = (
				3719E757252C56C100F4472E /* LaunchScreen.storyboard in Resources */,
				3719E754252C56C100F4472E /* Assets.xcassets in Resources */,
				3719E752252C56BF00F4472E /* Main.storyboard in Resources */,
			);
			runOnlyForDeploymentPostprocessing = 0;
		};
/* End PBXResourcesBuildPhase section */

/* Begin PBXSourcesBuildPhase section */
		3719E743252C56BF00F4472E /* Sources */ = {
			isa = PBXSourcesBuildPhase;
			buildActionMask = 2147483647;
			files = (
				3719E74F252C56BF00F4472E /* ViewController.swift in Sources */,
				3719E74B252C56BF00F4472E /* AppDelegate.swift in Sources */,
				3719E74D252C56BF00F4472E /* SceneDelegate.swift in Sources */,
			);
			runOnlyForDeploymentPostprocessing = 0;
		};
/* End PBXSourcesBuildPhase section */

/* Begin PBXVariantGroup section */
		3719E750252C56BF00F4472E /* Main.storyboard */ = {
			isa = PBXVariantGroup;
			children = (
				3719E751252C56BF00F4472E /* Base */,
			);
			name = Main.storyboard;
			sourceTree = "<group>";
		};
		3719E755252C56C100F4472E /* LaunchScreen.storyboard */ = {
			isa = PBXVariantGroup;
			children = (
				3719E756252C56C100F4472E /* Base */,
			);
			name = LaunchScreen.storyboard;
			sourceTree = "<group>";
		};
/* End PBXVariantGroup section */

/* Begin XCBuildConfiguration section */
		3719E759252C56C100F4472E /* Debug */ = {
			isa = XCBuildConfiguration;
			buildSettings = {
				ALWAYS_SEARCH_USER_PATHS = NO;
				CLANG_ANALYZER_NONNULL = YES;
				CLANG_ANALYZER_NUMBER_OBJECT_CONVERSION = YES_AGGRESSIVE;
				CLANG_CXX_LANGUAGE_STANDARD = "gnu++14";
				CLANG_CXX_LIBRARY = "libc++";
				CLANG_ENABLE_MODULES = YES;
				CLANG_ENABLE_OBJC_ARC = YES;
				CLANG_ENABLE_OBJC_WEAK = YES;
				CLANG_WARN_BLOCK_CAPTURE_AUTORELEASING = YES;
				CLANG_WARN_BOOL_CONVERSION = YES;
				CLANG_WARN_COMMA = YES;
				CLANG_WARN_CONSTANT_CONVERSION = YES;
				CLANG_WARN_DEPRECATED_OBJC_IMPLEMENTATIONS = YES;
				CLANG_WARN_DIRECT_OBJC_ISA_USAGE = YES_ERROR;
				CLANG_WARN_DOCUMENTATION_COMMENTS = YES;
				CLANG_WARN_EMPTY_BODY = YES;
				CLANG_WARN_ENUM_CONVERSION = YES;
				CLANG_WARN_INFINITE_RECURSION = YES;
				CLANG_WARN_INT_CONVERSION = YES;
				CLANG_WARN_NON_LITERAL_NULL_CONVERSION = YES;
				CLANG_WARN_OBJC_IMPLICIT_RETAIN_SELF = YES;
				CLANG_WARN_OBJC_LITERAL_CONVERSION = YES;
				CLANG_WARN_OBJC_ROOT_CLASS = YES_ERROR;
				CLANG_WARN_RANGE_LOOP_ANALYSIS = YES;
				CLANG_WARN_STRICT_PROTOTYPES = YES;
				CLANG_WARN_SUSPICIOUS_MOVE = YES;
				CLANG_WARN_UNGUARDED_AVAILABILITY = YES_AGGRESSIVE;
				CLANG_WARN_UNREACHABLE_CODE = YES;
				CLANG_WARN__DUPLICATE_METHOD_MATCH = YES;
				COPY_PHASE_STRIP = NO;
				DEBUG_INFORMATION_FORMAT = dwarf;
				ENABLE_STRICT_OBJC_MSGSEND = YES;
				ENABLE_TESTABILITY = YES;
				GCC_C_LANGUAGE_STANDARD = gnu11;
				GCC_DYNAMIC_NO_PIC = NO;
				GCC_NO_COMMON_BLOCKS = YES;
				GCC_OPTIMIZATION_LEVEL = 0;
				GCC_PREPROCESSOR_DEFINITIONS = (
					"DEBUG=1",
					"$(inherited)",
				);
				GCC_WARN_64_TO_32_BIT_CONVERSION = YES;
				GCC_WARN_ABOUT_RETURN_TYPE = YES_ERROR;
				GCC_WARN_UNDECLARED_SELECTOR = YES;
				GCC_WARN_UNINITIALIZED_AUTOS = YES_AGGRESSIVE;
				GCC_WARN_UNUSED_FUNCTION = YES;
				GCC_WARN_UNUSED_VARIABLE = YES;
				IPHONEOS_DEPLOYMENT_TARGET = 13.2;
				MTL_ENABLE_DEBUG_INFO = INCLUDE_SOURCE;
				MTL_FAST_MATH = YES;
				ONLY_ACTIVE_ARCH = YES;
				SDKROOT = iphoneos;
				SWIFT_ACTIVE_COMPILATION_CONDITIONS = DEBUG;
				SWIFT_OPTIMIZATION_LEVEL = "-Onone";
			};
			name = Debug;
		};
		3719E75A252C56C100F4472E /* Release */ = {
			isa = XCBuildConfiguration;
			buildSettings = {
				ALWAYS_SEARCH_USER_PATHS = NO;
				CLANG_ANALYZER_NONNULL = YES;
				CLANG_ANALYZER_NUMBER_OBJECT_CONVERSION = YES_AGGRESSIVE;
				CLANG_CXX_LANGUAGE_STANDARD = "gnu++14";
				CLANG_CXX_LIBRARY = "libc++";
				CLANG_ENABLE_MODULES = YES;
				CLANG_ENABLE_OBJC_ARC = YES;
				CLANG_ENABLE_OBJC_WEAK = YES;
				CLANG_WARN_BLOCK_CAPTURE_AUTORELEASING = YES;
				CLANG_WARN_BOOL_CONVERSION = YES;
				CLANG_WARN_COMMA = YES;
				CLANG_WARN_CONSTANT_CONVERSION = YES;
				CLANG_WARN_DEPRECATED_OBJC_IMPLEMENTATIONS = YES;
				CLANG_WARN_DIRECT_OBJC_ISA_USAGE = YES_ERROR;
				CLANG_WARN_DOCUMENTATION_COMMENTS = YES;
				CLANG_WARN_EMPTY_BODY = YES;
				CLANG_WARN_ENUM_CONVERSION = YES;
				CLANG_WARN_INFINITE_RECURSION = YES;
				CLANG_WARN_INT_CONVERSION = YES;
				CLANG_WARN_NON_LITERAL_NULL_CONVERSION = YES;
				CLANG_WARN_OBJC_IMPLICIT_RETAIN_SELF = YES;
				CLANG_WARN_OBJC_LITERAL_CONVERSION = YES;
				CLANG_WARN_OBJC_ROOT_CLASS = YES_ERROR;
				CLANG_WARN_RANGE_LOOP_ANALYSIS = YES;
				CLANG_WARN_STRICT_PROTOTYPES = YES;
				CLANG_WARN_SUSPICIOUS_MOVE = YES;
				CLANG_WARN_UNGUARDED_AVAILABILITY = YES_AGGRESSIVE;
				CLANG_WARN_UNREACHABLE_CODE = YES;
				CLANG_WARN__DUPLICATE_METHOD_MATCH = YES;
				COPY_PHASE_STRIP = NO;
				DEBUG_INFORMATION_FORMAT = "dwarf-with-dsym";
				ENABLE_NS_ASSERTIONS = NO;
				ENABLE_STRICT_OBJC_MSGSEND = YES;
				GCC_C_LANGUAGE_STANDARD = gnu11;
				GCC_NO_COMMON_BLOCKS = YES;
				GCC_WARN_64_TO_32_BIT_CONVERSION = YES;
				GCC_WARN_ABOUT_RETURN_TYPE = YES_ERROR;
				GCC_WARN_UNDECLARED_SELECTOR = YES;
				GCC_WARN_UNINITIALIZED_AUTOS = YES_AGGRESSIVE;
				GCC_WARN_UNUSED_FUNCTION = YES;
				GCC_WARN_UNUSED_VARIABLE = YES;
				IPHONEOS_DEPLOYMENT_TARGET = 13.2;
				MTL_ENABLE_DEBUG_INFO = NO;
				MTL_FAST_MATH = YES;
				SDKROOT = iphoneos;
				SWIFT_COMPILATION_MODE = wholemodule;
				SWIFT_OPTIMIZATION_LEVEL = "-O";
				VALIDATE_PRODUCT = YES;
			};
			name = Release;
		};
		3719E75C252C56C100F4472E /* Debug */ = {
			isa = XCBuildConfiguration;
			buildSettings = {
				ASSETCATALOG_COMPILER_APPICON_NAME = AppIcon;
				CODE_SIGN_STYLE = Automatic;
				DEVELOPMENT_TEAM = CD29UMZJ5P;
				INFOPLIST_FILE = curiousKatie/Info.plist;
				LD_RUNPATH_SEARCH_PATHS = (
					"$(inherited)",
					"@executable_path/Frameworks",
				);
				PRODUCT_BUNDLE_IDENTIFIER = com.nikolai.curiousKatie;
				PRODUCT_NAME = "$(TARGET_NAME)";
				SWIFT_VERSION = 5.0;
				TARGETED_DEVICE_FAMILY = "1,2";
			};
			name = Debug;
		};
		3719E75D252C56C100F4472E /* Release */ = {
			isa = XCBuildConfiguration;
			buildSettings = {
				ASSETCATALOG_COMPILER_APPICON_NAME = AppIcon;
				CODE_SIGN_STYLE = Automatic;
				DEVELOPMENT_TEAM = CD29UMZJ5P;
				INFOPLIST_FILE = curiousKatie/Info.plist;
				LD_RUNPATH_SEARCH_PATHS = (
					"$(inherited)",
					"@executable_path/Frameworks",
				);
				PRODUCT_BUNDLE_IDENTIFIER = com.nikolai.curiousKatie;
				PRODUCT_NAME = "$(TARGET_NAME)";
				SWIFT_VERSION = 5.0;
				TARGETED_DEVICE_FAMILY = "1,2";
			};
			name = Release;
		};
/* End XCBuildConfiguration section */

/* Begin XCConfigurationList section */
		3719E742252C56BF00F4472E /* Build configuration list for PBXProject "curiousKatie" */ = {
			isa = XCConfigurationList;
			buildConfigurations = (
				3719E759252C56C100F4472E /* Debug */,
				3719E75A252C56C100F4472E /* Release */,
			);
			defaultConfigurationIsVisible = 0;
			defaultConfigurationName = Release;
		};
		3719E75B252C56C100F4472E /* Build configuration list for PBXNativeTarget "curiousKatie" */ = {
			isa = XCConfigurationList;
			buildConfigurations = (
				3719E75C252C56C100F4472E /* Debug */,
				3719E75D252C56C100F4472E /* Release */,
			);
			defaultConfigurationIsVisible = 0;
			defaultConfigurationName = Release;
		};
/* End XCConfigurationList section */
	};
	rootObject = 3719E73F252C56BF00F4472E /* Project object */;
}
